
Microsoft Visual Studio Solution File, Format Version 12.00
# Visual Studio Version 16
VisualStudioVersion = 16.0.28721.148
MinimumVisualStudioVersion = 10.0.40219.1
Project("{FAE04EC0-301F-11D3-BF4B-00C04F79EFBC}") = "RuTrackerDBLoader", "RuTrackerDBLoader\RuTrackerDBLoader.csproj", "{488C5BC2-6157-4113-B0E1-F0A8F8ED3654}"
EndProject
Global
	GlobalSection(SolutionConfigurationPlatforms) = preSolution
		Debug|Any CPU = Debug|Any CPU
		Release|Any CPU = Release|Any CPU
	EndGlobalSection
	GlobalSection(ProjectConfigurationPlatforms) = postSolution
		{488C5BC2-6157-4113-B0E1-F0A8F8ED3654}.Debug|Any CPU.ActiveCfg = Debug|Any CPU
		{488C5BC2-6157-4113-B0E1-F0A8F8ED3654}.Debug|Any CPU.Build.0 = Debug|Any CPU
		{488C5BC2-6157-4113-B0E1-F0A8F8ED3654}.Release|Any CPU.ActiveCfg = Release|Any CPU
		{488C5BC2-6157-4113-B0E1-F0A8F8ED3654}.Release|Any CPU.Build.0 = Release|Any CPU
	EndGlobalSection
	GlobalSection(SolutionProperties) = preSolution
		HideSolutionNode = FALSE
	EndGlobalSection
	GlobalSection(ExtensibilityGlobals) = postSolution
		SolutionGuid = {0F0860A2-9B60-4A7E-B3EC-CD7B01E3D6AA}
	EndGlobalSection
EndGlobal
